// !$*UTF8*$!
{
	archiveVersion = 1;
	classes = {
	};
	objectVersion = 46;
	objects = {

/* Begin PBXBuildFile section */
		DA08C4AF1DAF39C600714E34 /* RNPinch.m in Sources */ = {isa = PBXBuildFile; fileRef = DA08C4AE1DAF39C600714E34 /* RNPinch.m */; };
		DA08C4B01DAF39C600714E34 /* RNPinch.h in CopyFiles */ = {isa = PBXBuildFile; fileRef = DA08C4AD1DAF39C600714E34 /* RNPinch.h */; };
/* End PBXBuildFile section */

/* Begin PBXCopyFilesBuildPhase section */
		DA08C4A81DAF39C600714E34 /* CopyFiles */ = {
			isa = PBXCopyFilesBuildPhase;
			buildActionMask = 2147483647;
			dstPath = "include/$(PRODUCT_NAME)";
			dstSubfolderSpec = 16;
			files = (
				DA08C4B01DAF39C600714E34 /* RNPinch.h in CopyFiles */,
			);
			runOnlyForDeploymentPostprocessing = 0;
		};
/* End PBXCopyFilesBuildPhase section */

/* Begin PBXFileReference section */
		DA08C4AA1DAF39C600714E34 /* libRNPinch.a */ = {isa = PBXFileReference; explicitFileType = archive.ar; includeInIndex = 0; path = libRNPinch.a; sourceTree = BUILT_PRODUCTS_DIR; };
		DA08C4AD1DAF39C600714E34 /* RNPinch.h */ = {isa = PBXFileReference; lastKnownFileType = sourcecode.c.h; path = RNPinch.h; sourceTree = "<group>"; };
		DA08C4AE1DAF39C600714E34 /* RNPinch.m */ = {isa = PBXFileReference; lastKnownFileType = sourcecode.c.objc; path = RNPinch.m; sourceTree = "<group>"; };
/* End PBXFileReference section */

/* Begin PBXFrameworksBuildPhase section */
		DA08C4A71DAF39C600714E34 /* Frameworks */ = {
			isa = PBXFrameworksBuildPhase;
			buildActionMask = 2147483647;
			files = (
			);
			runOnlyForDeploymentPostprocessing = 0;
		};
/* End PBXFrameworksBuildPhase section */

/* Begin PBXGroup section */
		DA08C4A11DAF39C600714E34 = {
			isa = PBXGroup;
			children = (
				DA08C4AC1DAF39C600714E34 /* RNPinch */,
				DA08C4AB1DAF39C600714E34 /* Products */,
			);
			sourceTree = "<group>";
			usesTabs = 0;
		};
		DA08C4AB1DAF39C600714E34 /* Products */ = {
			isa = PBXGroup;
			children = (
				DA08C4AA1DAF39C600714E34 /* libRNPinch.a */,
			);
			name = Products;
			sourceTree = "<group>";
		};
		DA08C4AC1DAF39C600714E34 /* RNPinch */ = {
			isa = PBXGroup;
			children = (
				DA08C4AD1DAF39C600714E34 /* RNPinch.h */,
				DA08C4AE1DAF39C600714E34 /* RNPinch.m */,
			);
			path = RNPinch;
			sourceTree = "<group>";
		};
/* End PBXGroup section */

/* Begin PBXNativeTarget section */
		DA08C4A91DAF39C600714E34 /* RNPinch */ = {
			isa = PBXNativeTarget;
			buildConfigurationList = DA08C4B31DAF39C600714E34 /* Build configuration list for PBXNativeTarget "RNPinch" */;
			buildPhases = (
				DA08C4A61DAF39C600714E34 /* Sources */,
				DA08C4A71DAF39C600714E34 /* Frameworks */,
				DA08C4A81DAF39C600714E34 /* CopyFiles */,
			);
			buildRules = (
			);
			dependencies = (
			);
			name = RNPinch;
			productName = RNPinch;
			productReference = DA08C4AA1DAF39C600714E34 /* libRNPinch.a */;
			productType = "com.apple.product-type.library.static";
		};
/* End PBXNativeTarget section */

/* Begin PBXProject section */
		DA08C4A21DAF39C600714E34 /* Project object */ = {
			isa = PBXProject;
			attributes = {
				LastUpgradeCheck = 0800;
				ORGANIZATIONNAME = Localz;
				TargetAttributes = {
					DA08C4A91DAF39C600714E34 = {
						CreatedOnToolsVersion = 8.0;
						ProvisioningStyle = Automatic;
					};
				};
			};
			buildConfigurationList = DA08C4A51DAF39C600714E34 /* Build configuration list for PBXProject "RNPinch" */;
			compatibilityVersion = "Xcode 3.2";
			developmentRegion = English;
			hasScannedForEncodings = 0;
			knownRegions = (
				en,
			);
			mainGroup = DA08C4A11DAF39C600714E34;
			productRefGroup = DA08C4AB1DAF39C600714E34 /* Products */;
			projectDirPath = "";
			projectRoot = "";
			targets = (
				DA08C4A91DAF39C600714E34 /* RNPinch */,
			);
		};
/* End PBXProject section */

/* Begin PBXSourcesBuildPhase section */
		DA08C4A61DAF39C600714E34 /* Sources */ = {
			isa = PBXSourcesBuildPhase;
			buildActionMask = 2147483647;
			files = (
				DA08C4AF1DAF39C600714E34 /* RNPinch.m in Sources */,
			);
			runOnlyForDeploymentPostprocessing = 0;
		};
/* End PBXSourcesBuildPhase section */

/* Begin XCBuildConfiguration section */
		DA08C4B11DAF39C600714E34 /* Debug */ = {
			isa = XCBuildConfiguration;
			buildSettings = {
				ALWAYS_SEARCH_USER_PATHS = NO;
				CLANG_ANALYZER_NONNULL = YES;
				CLANG_CXX_LANGUAGE_STANDARD = "gnu++0x";
				CLANG_CXX_LIBRARY = "libc++";
				CLANG_ENABLE_MODULES = YES;
				CLANG_ENABLE_OBJC_ARC = YES;
				CLANG_WARN_BOOL_CONVERSION = YES;
				CLANG_WARN_CONSTANT_CONVERSION = YES;
				CLANG_WARN_DIRECT_OBJC_ISA_USAGE = YES_ERROR;
				CLANG_WARN_DOCUMENTATION_COMMENTS = YES;
				CLANG_WARN_EMPTY_BODY = YES;
				CLANG_WARN_ENUM_CONVERSION = YES;
				CLANG_WARN_INFINITE_RECURSION = YES;
				CLANG_WARN_INT_CONVERSION = YES;
				CLANG_WARN_OBJC_ROOT_CLASS = YES_ERROR;
				CLANG_WARN_SUSPICIOUS_MOVES = YES;
				CLANG_WARN_UNREACHABLE_CODE = YES;
				CLANG_WARN__DUPLICATE_METHOD_MATCH = YES;
				"CODE_SIGN_IDENTITY[sdk=iphoneos*]" = "iPhone Developer";
				COPY_PHASE_STRIP = NO;
				DEBUG_INFORMATION_FORMAT = dwarf;
				ENABLE_STRICT_OBJC_MSGSEND = YES;
				ENABLE_TESTABILITY = YES;
				GCC_C_LANGUAGE_STANDARD = gnu99;
				GCC_DYNAMIC_NO_PIC = NO;
				GCC_NO_COMMON_BLOCKS = YES;
				GCC_OPTIMIZATION_LEVEL = 0;
				GCC_PREPROCESSOR_DEFINITIONS = (
					"DEBUG=1",
					"$(inherited)",
				);
				GCC_WARN_64_TO_32_BIT_CONVERSION = YES;
				GCC_WARN_ABOUT_RETURN_TYPE = YES_ERROR;
				GCC_WARN_UNDECLARED_SELECTOR = YES;
				GCC_WARN_UNINITIALIZED_AUTOS = YES_AGGRESSIVE;
				GCC_WARN_UNUSED_FUNCTION = YES;
				GCC_WARN_UNUSED_VARIABLE = YES;
				IPHONEOS_DEPLOYMENT_TARGET = 10.0;
				MTL_ENABLE_DEBUG_INFO = YES;
				ONLY_ACTIVE_ARCH = YES;
				SDKROOT = iphoneos;
			};
			name = Debug;
		};
		DA08C4B21DAF39C600714E34 /* Release */ = {
			isa = XCBuildConfiguration;
			buildSettings = {
				ALWAYS_SEARCH_USER_PATHS = NO;
				CLANG_ANALYZER_NONNULL = YES;
				CLANG_CXX_LANGUAGE_STANDARD = "gnu++0x";
				CLANG_CXX_LIBRARY = "libc++";
				CLANG_ENABLE_MODULES = YES;
				CLANG_ENABLE_OBJC_ARC = YES;
				CLANG_WARN_BOOL_CONVERSION = YES;
				CLANG_WARN_CONSTANT_CONVERSION = YES;
				CLANG_WARN_DIRECT_OBJC_ISA_USAGE = YES_ERROR;
				CLANG_WARN_DOCUMENTATION_COMMENTS = YES;
				CLANG_WARN_EMPTY_BODY = YES;
				CLANG_WARN_ENUM_CONVERSION = YES;
				CLANG_WARN_INFINITE_RECURSION = YES;
				CLANG_WARN_INT_CONVERSION = YES;
				CLANG_WARN_OBJC_ROOT_CLASS = YES_ERROR;
				CLANG_WARN_SUSPICIOUS_MOVES = YES;
				CLANG_WARN_UNREACHABLE_CODE = YES;
				CLANG_WARN__DUPLICATE_METHOD_MATCH = YES;
				"CODE_SIGN_IDENTITY[sdk=iphoneos*]" = "iPhone Developer";
				COPY_PHASE_STRIP = NO;
				DEBUG_INFORMATION_FORMAT = "dwarf-with-dsym";
				ENABLE_NS_ASSERTIONS = NO;
				ENABLE_STRICT_OBJC_MSGSEND = YES;
				GCC_C_LANGUAGE_STANDARD = gnu99;
				GCC_NO_COMMON_BLOCKS = YES;
				GCC_WARN_64_TO_32_BIT_CONVERSION = YES;
				GCC_WARN_ABOUT_RETURN_TYPE = YES_ERROR;
				GCC_WARN_UNDECLARED_SELECTOR = YES;
				GCC_WARN_UNINITIALIZED_AUTOS = YES_AGGRESSIVE;
				GCC_WARN_UNUSED_FUNCTION = YES;
				GCC_WARN_UNUSED_VARIABLE = YES;
				IPHONEOS_DEPLOYMENT_TARGET = 10.0;
				MTL_ENABLE_DEBUG_INFO = NO;
				SDKROOT = iphoneos;
				VALIDATE_PRODUCT = YES;
			};
			name = Release;
		};
		DA08C4B41DAF39C600714E34 /* Debug */ = {
			isa = XCBuildConfiguration;
			buildSettings = {
				HEADER_SEARCH_PATHS = (
					"$(inherited)",
					"$(SRCROOT)/node_modules/react-native/React/**",
					"$(SRCROOT)/../react-native/React/**",
				);
				OTHER_LDFLAGS = "-ObjC";
				PRODUCT_NAME = "$(TARGET_NAME)";
				SKIP_INSTALL = YES;
			};
			name = Debug;
		};
		DA08C4B51DAF39C600714E34 /* Release */ = {
			isa = XCBuildConfiguration;
			buildSettings = {
				HEADER_SEARCH_PATHS = (
					"$(inherited)",
					"$(SRCROOT)/node_modules/react-native/React/**",
					"$(SRCROOT)/../react-native/React/**",
				);
				OTHER_LDFLAGS = "-ObjC";
				PRODUCT_NAME = "$(TARGET_NAME)";
				SKIP_INSTALL = YES;
			};
			name = Release;
		};
/* End XCBuildConfiguration section */

/* Begin XCConfigurationList section */
		DA08C4A51DAF39C600714E34 /* Build configuration list for PBXProject "RNPinch" */ = {
			isa = XCConfigurationList;
			buildConfigurations = (
				DA08C4B11DAF39C600714E34 /* Debug */,
				DA08C4B21DAF39C600714E34 /* Release */,
			);
			defaultConfigurationIsVisible = 0;
			defaultConfigurationName = Release;
		};
		DA08C4B31DAF39C600714E34 /* Build configuration list for PBXNativeTarget "RNPinch" */ = {
			isa = XCConfigurationList;
			buildConfigurations = (
				DA08C4B41DAF39C600714E34 /* Debug */,
				DA08C4B51DAF39C600714E34 /* Release */,
			);
			defaultConfigurationIsVisible = 0;
			defaultConfigurationName = Release;
		};
/* End XCConfigurationList section */
	};
	rootObject = DA08C4A21DAF39C600714E34 /* Project object */;
}
